
Microsoft Visual Studio Solution File, Format Version 12.00
# Visual Studio Version 17
VisualStudioVersion = 17.14.36811.4 d17.14
MinimumVisualStudioVersion = 10.0.40219.1
Project("{FAE04EC0-301F-11D3-BF4B-00C04F79EFBC}") = "AngularCafeServer", "AngularCafeServer\AngularCafeServer.csproj", "{D87C76D5-2D30-4EE8-8200-F435A9D30BA6}"
EndProject
Global
	GlobalSection(SolutionConfigurationPlatforms) = preSolution
		Debug|Any CPU = Debug|Any CPU
		Release|Any CPU = Release|Any CPU
	EndGlobalSection
	GlobalSection(ProjectConfigurationPlatforms) = postSolution
		{D87C76D5-2D30-4EE8-8200-F435A9D30BA6}.Debug|Any CPU.ActiveCfg = Debug|Any CPU
		{D87C76D5-2D30-4EE8-8200-F435A9D30BA6}.Debug|Any CPU.Build.0 = Debug|Any CPU
		{D87C76D5-2D30-4EE8-8200-F435A9D30BA6}.Release|Any CPU.ActiveCfg = Release|Any CPU
		{D87C76D5-2D30-4EE8-8200-F435A9D30BA6}.Release|Any CPU.Build.0 = Release|Any CPU
	EndGlobalSection
	GlobalSection(SolutionProperties) = preSolution
		HideSolutionNode = FALSE
	EndGlobalSection
	GlobalSection(ExtensibilityGlobals) = postSolution
		SolutionGuid = {058D1C34-76B3-4315-8CF4-CE992A129922}
	EndGlobalSection
EndGlobal
